
Microsoft Visual Studio Solution File, Format Version 12.00
# Visual Studio Version 17
VisualStudioVersion = 17.5.33516.290
MinimumVisualStudioVersion = 10.0.40219.1
Project("{FAE04EC0-301F-11D3-BF4B-00C04F79EFBC}") = "TaskManager", "TaskManager\TaskManager.csproj", "{D84CF4F3-D3C4-40C2-A584-5FB32A8C5042}"
EndProject
Global
	GlobalSection(SolutionConfigurationPlatforms) = preSolution
		Debug|Any CPU = Debug|Any CPU
		Release|Any CPU = Release|Any CPU
	EndGlobalSection
	GlobalSection(ProjectConfigurationPlatforms) = postSolution
		{D84CF4F3-D3C4-40C2-A584-5FB32A8C5042}.Debug|Any CPU.ActiveCfg = Debug|Any CPU
		{D84CF4F3-D3C4-40C2-A584-5FB32A8C5042}.Debug|Any CPU.Build.0 = Debug|Any CPU
		{D84CF4F3-D3C4-40C2-A584-5FB32A8C5042}.Release|Any CPU.ActiveCfg = Release|Any CPU
		{D84CF4F3-D3C4-40C2-A584-5FB32A8C5042}.Release|Any CPU.Build.0 = Release|Any CPU
	EndGlobalSection
	GlobalSection(SolutionProperties) = preSolution
		HideSolutionNode = FALSE
	EndGlobalSection
	GlobalSection(ExtensibilityGlobals) = postSolution
		SolutionGuid = {A4ECC38F-FE61-4F67-B1D7-7C3EC08A18E2}
	EndGlobalSection
EndGlobal
